{
  "name": "zv-keychain",
  "version": "1.0.1",
  "lockfileVersion": 1,
  "requires": true,
  "dependencies": {
    "zv-load.env": {
      "version": "2.0.4",
      "resolved": "https://registry.npmjs.org/zv-load.env/-/zv-load.env-2.0.4.tgz",
      "integrity": "sha512-9ufdaC69qH79VkoYZF+U+Ebyif3r0P3l+RVm+tYXEYPTL1DGCah7miHaHI8O0HaDc+XHUIUfoYyeRAxqQWUxNQ=="
    }
  }
}
